
Microsoft Visual Studio Solution File, Format Version 12.00
# Visual Studio Version 16
VisualStudioVersion = 16.0.31019.35
MinimumVisualStudioVersion = 10.0.40219.1
Project("{8BC9CEB8-8B4A-11D0-8D11-00A0C91BC942}") = "8_5_4", "8_5_4\8_5_4.vcxproj", "{7B04C7DE-08A9-4306-95BC-D39B31A775C5}"
EndProject
Project("{8BC9CEB8-8B4A-11D0-8D11-00A0C91BC942}") = "Project1", "Project1\Project1.vcxproj", "{572D58C0-6ADD-4DA5-9A5B-F632FAA185B9}"
EndProject
Global
	GlobalSection(SolutionConfigurationPlatforms) = preSolution
		Debug|x64 = Debug|x64
		Debug|x86 = Debug|x86
		Release|x64 = Release|x64
		Release|x86 = Release|x86
	EndGlobalSection
	GlobalSection(ProjectConfigurationPlatforms) = postSolution
		{7B04C7DE-08A9-4306-95BC-D39B31A775C5}.Debug|x64.ActiveCfg = Debug|x64
		{7B04C7DE-08A9-4306-95BC-D39B31A775C5}.Debug|x64.Build.0 = Debug|x64
		{7B04C7DE-08A9-4306-95BC-D39B31A775C5}.Debug|x86.ActiveCfg = Debug|Win32
		{7B04C7DE-08A9-4306-95BC-D39B31A775C5}.Debug|x86.Build.0 = Debug|Win32
		{7B04C7DE-08A9-4306-95BC-D39B31A775C5}.Release|x64.ActiveCfg = Release|x64
		{7B04C7DE-08A9-4306-95BC-D39B31A775C5}.Release|x64.Build.0 = Release|x64
		{7B04C7DE-08A9-4306-95BC-D39B31A775C5}.Release|x86.ActiveCfg = Release|Win32
		{7B04C7DE-08A9-4306-95BC-D39B31A775C5}.Release|x86.Build.0 = Release|Win32
		{572D58C0-6ADD-4DA5-9A5B-F632FAA185B9}.Debug|x64.ActiveCfg = Debug|x64
		{572D58C0-6ADD-4DA5-9A5B-F632FAA185B9}.Debug|x64.Build.0 = Debug|x64
		{572D58C0-6ADD-4DA5-9A5B-F632FAA185B9}.Debug|x86.ActiveCfg = Debug|Win32
		{572D58C0-6ADD-4DA5-9A5B-F632FAA185B9}.Debug|x86.Build.0 = Debug|Win32
		{572D58C0-6ADD-4DA5-9A5B-F632FAA185B9}.Release|x64.ActiveCfg = Release|x64
		{572D58C0-6ADD-4DA5-9A5B-F632FAA185B9}.Release|x64.Build.0 = Release|x64
		{572D58C0-6ADD-4DA5-9A5B-F632FAA185B9}.Release|x86.ActiveCfg = Release|Win32
		{572D58C0-6ADD-4DA5-9A5B-F632FAA185B9}.Release|x86.Build.0 = Release|Win32
	EndGlobalSection
	GlobalSection(SolutionProperties) = preSolution
		HideSolutionNode = FALSE
	EndGlobalSection
	GlobalSection(ExtensibilityGlobals) = postSolution
		SolutionGuid = {98DF2944-39AD-4E00-98FF-0741FFBB8516}
	EndGlobalSection
EndGlobal
